// !$*UTF8*$!
{
	archiveVersion = 1;
	classes = {
	};
	objectVersion = 56;
	objects = {

/* Begin PBXBuildFile section */
		D06E32DA29EEF66D00395B10 /* BaseViewModel.swift in Sources */ = {isa = PBXBuildFile; fileRef = D06E32D929EEF66D00395B10 /* BaseViewModel.swift */; };
		D06E32DC29EEFF7900395B10 /* ViewModel.swift in Sources */ = {isa = PBXBuildFile; fileRef = D06E32DB29EEFF7900395B10 /* ViewModel.swift */; };
		D08859CF29EDAF2C0088AD84 /* AppDelegate.swift in Sources */ = {isa = PBXBuildFile; fileRef = D08859CE29EDAF2C0088AD84 /* AppDelegate.swift */; };
		D08859D129EDAF2C0088AD84 /* SceneDelegate.swift in Sources */ = {isa = PBXBuildFile; fileRef = D08859D029EDAF2C0088AD84 /* SceneDelegate.swift */; };
		D08859D329EDAF2C0088AD84 /* ViewController.swift in Sources */ = {isa = PBXBuildFile; fileRef = D08859D229EDAF2C0088AD84 /* ViewController.swift */; };
		D08859D629EDAF2C0088AD84 /* Main.storyboard in Resources */ = {isa = PBXBuildFile; fileRef = D08859D429EDAF2C0088AD84 /* Main.storyboard */; };
		D08859D829EDAF2D0088AD84 /* Assets.xcassets in Resources */ = {isa = PBXBuildFile; fileRef = D08859D729EDAF2D0088AD84 /* Assets.xcassets */; };
		D08859DB29EDAF2D0088AD84 /* LaunchScreen.storyboard in Resources */ = {isa = PBXBuildFile; fileRef = D08859D929EDAF2D0088AD84 /* LaunchScreen.storyboard */; };
		D08859E629EDAF2D0088AD84 /* BaseProjectTests.swift in Sources */ = {isa = PBXBuildFile; fileRef = D08859E529EDAF2D0088AD84 /* BaseProjectTests.swift */; };
		D08859F029EDAF2D0088AD84 /* BaseProjectUITests.swift in Sources */ = {isa = PBXBuildFile; fileRef = D08859EF29EDAF2D0088AD84 /* BaseProjectUITests.swift */; };
		D08859F229EDAF2D0088AD84 /* BaseProjectUITestsLaunchTests.swift in Sources */ = {isa = PBXBuildFile; fileRef = D08859F129EDAF2D0088AD84 /* BaseProjectUITestsLaunchTests.swift */; };
/* End PBXBuildFile section */

/* Begin PBXContainerItemProxy section */
		D08859E229EDAF2D0088AD84 /* PBXContainerItemProxy */ = {
			isa = PBXContainerItemProxy;
			containerPortal = D08859C329EDAF2C0088AD84 /* Project object */;
			proxyType = 1;
			remoteGlobalIDString = D08859CA29EDAF2C0088AD84;
			remoteInfo = BaseProject;
		};
		D08859EC29EDAF2D0088AD84 /* PBXContainerItemProxy */ = {
			isa = PBXContainerItemProxy;
			containerPortal = D08859C329EDAF2C0088AD84 /* Project object */;
			proxyType = 1;
			remoteGlobalIDString = D08859CA29EDAF2C0088AD84;
			remoteInfo = BaseProject;
		};
/* End PBXContainerItemProxy section */

/* Begin PBXFileReference section */
		D06E32D929EEF66D00395B10 /* BaseViewModel.swift */ = {isa = PBXFileReference; lastKnownFileType = sourcecode.swift; path = BaseViewModel.swift; sourceTree = "<group>"; };
		D06E32DB29EEFF7900395B10 /* ViewModel.swift */ = {isa = PBXFileReference; lastKnownFileType = sourcecode.swift; path = ViewModel.swift; sourceTree = "<group>"; };
		D08859CB29EDAF2C0088AD84 /* BaseProject.app */ = {isa = PBXFileReference; explicitFileType = wrapper.application; includeInIndex = 0; path = BaseProject.app; sourceTree = BUILT_PRODUCTS_DIR; };
		D08859CE29EDAF2C0088AD84 /* AppDelegate.swift */ = {isa = PBXFileReference; lastKnownFileType = sourcecode.swift; path = AppDelegate.swift; sourceTree = "<group>"; };
		D08859D029EDAF2C0088AD84 /* SceneDelegate.swift */ = {isa = PBXFileReference; lastKnownFileType = sourcecode.swift; path = SceneDelegate.swift; sourceTree = "<group>"; };
		D08859D229EDAF2C0088AD84 /* ViewController.swift */ = {isa = PBXFileReference; lastKnownFileType = sourcecode.swift; path = ViewController.swift; sourceTree = "<group>"; };
		D08859D529EDAF2C0088AD84 /* Base */ = {isa = PBXFileReference; lastKnownFileType = file.storyboard; name = Base; path = Base.lproj/Main.storyboard; sourceTree = "<group>"; };
		D08859D729EDAF2D0088AD84 /* Assets.xcassets */ = {isa = PBXFileReference; lastKnownFileType = folder.assetcatalog; path = Assets.xcassets; sourceTree = "<group>"; };
		D08859DA29EDAF2D0088AD84 /* Base */ = {isa = PBXFileReference; lastKnownFileType = file.storyboard; name = Base; path = Base.lproj/LaunchScreen.storyboard; sourceTree = "<group>"; };
		D08859DC29EDAF2D0088AD84 /* Info.plist */ = {isa = PBXFileReference; lastKnownFileType = text.plist.xml; path = Info.plist; sourceTree = "<group>"; };
		D08859E129EDAF2D0088AD84 /* BaseProjectTests.xctest */ = {isa = PBXFileReference; explicitFileType = wrapper.cfbundle; includeInIndex = 0; path = BaseProjectTests.xctest; sourceTree = BUILT_PRODUCTS_DIR; };
		D08859E529EDAF2D0088AD84 /* BaseProjectTests.swift */ = {isa = PBXFileReference; lastKnownFileType = sourcecode.swift; path = BaseProjectTests.swift; sourceTree = "<group>"; };
		D08859EB29EDAF2D0088AD84 /* BaseProjectUITests.xctest */ = {isa = PBXFileReference; explicitFileType = wrapper.cfbundle; includeInIndex = 0; path = BaseProjectUITests.xctest; sourceTree = BUILT_PRODUCTS_DIR; };
		D08859EF29EDAF2D0088AD84 /* BaseProjectUITests.swift */ = {isa = PBXFileReference; lastKnownFileType = sourcecode.swift; path = BaseProjectUITests.swift; sourceTree = "<group>"; };
		D08859F129EDAF2D0088AD84 /* BaseProjectUITestsLaunchTests.swift */ = {isa = PBXFileReference; lastKnownFileType = sourcecode.swift; path = BaseProjectUITestsLaunchTests.swift; sourceTree = "<group>"; };
/* End PBXFileReference section */

/* Begin PBXFrameworksBuildPhase section */
		D08859C829EDAF2C0088AD84 /* Frameworks */ = {
			isa = PBXFrameworksBuildPhase;
			buildActionMask = 2147483647;
			files = (
			);
			runOnlyForDeploymentPostprocessing = 0;
		};
		D08859DE29EDAF2D0088AD84 /* Frameworks */ = {
			isa = PBXFrameworksBuildPhase;
			buildActionMask = 2147483647;
			files = (
			);
			runOnlyForDeploymentPostprocessing = 0;
		};
		D08859E829EDAF2D0088AD84 /* Frameworks */ = {
			isa = PBXFrameworksBuildPhase;
			buildActionMask = 2147483647;
			files = (
			);
			runOnlyForDeploymentPostprocessing = 0;
		};
/* End PBXFrameworksBuildPhase section */

/* Begin PBXGroup section */
		D06E32D029EEF32400395B10 /* App */ = {
			isa = PBXGroup;
			children = (
				D08859CE29EDAF2C0088AD84 /* AppDelegate.swift */,
				D08859D029EDAF2C0088AD84 /* SceneDelegate.swift */,
			);
			path = App;
			sourceTree = "<group>";
		};
		D06E32D129EEF3D900395B10 /* DataSource */ = {
			isa = PBXGroup;
			children = (
			);
			path = DataSource;
			sourceTree = "<group>";
		};
		D06E32D229EEF40300395B10 /* Domain */ = {
			isa = PBXGroup;
			children = (
			);
			path = Domain;
			sourceTree = "<group>";
		};
		D06E32D329EEF42800395B10 /* Derived */ = {
			isa = PBXGroup;
			children = (
			);
			path = Derived;
			sourceTree = "<group>";
		};
		D06E32D429EEF46900395B10 /* Modules */ = {
			isa = PBXGroup;
			children = (
			);
			path = Modules;
			sourceTree = "<group>";
		};
		D06E32D529EEF48500395B10 /* Navigation */ = {
			isa = PBXGroup;
			children = (
			);
			path = Navigation;
			sourceTree = "<group>";
		};
		D06E32D629EEF4A700395B10 /* Presentation */ = {
			isa = PBXGroup;
			children = (
				D06E32D829EEF60800395B10 /* ViewModel */,
			);
			path = Presentation;
			sourceTree = "<group>";
		};
		D06E32D729EEF4F300395B10 /* UiComponents */ = {
			isa = PBXGroup;
			children = (
			);
			path = UiComponents;
			sourceTree = "<group>";
		};
		D06E32D829EEF60800395B10 /* ViewModel */ = {
			isa = PBXGroup;
			children = (
				D06E32D929EEF66D00395B10 /* BaseViewModel.swift */,
			);
			path = ViewModel;
			sourceTree = "<group>";
		};
		D08859C229EDAF2C0088AD84 = {
			isa = PBXGroup;
			children = (
				D08859CD29EDAF2C0088AD84 /* BaseProject */,
				D08859E429EDAF2D0088AD84 /* BaseProjectTests */,
				D08859EE29EDAF2D0088AD84 /* BaseProjectUITests */,
				D08859CC29EDAF2C0088AD84 /* Products */,
			);
			sourceTree = "<group>";
		};
		D08859CC29EDAF2C0088AD84 /* Products */ = {
			isa = PBXGroup;
			children = (
				D08859CB29EDAF2C0088AD84 /* BaseProject.app */,
				D08859E129EDAF2D0088AD84 /* BaseProjectTests.xctest */,
				D08859EB29EDAF2D0088AD84 /* BaseProjectUITests.xctest */,
			);
			name = Products;
			sourceTree = "<group>";
		};
		D08859CD29EDAF2C0088AD84 /* BaseProject */ = {
			isa = PBXGroup;
			children = (
				D06E32D729EEF4F300395B10 /* UiComponents */,
				D06E32D629EEF4A700395B10 /* Presentation */,
				D06E32D529EEF48500395B10 /* Navigation */,
				D06E32D429EEF46900395B10 /* Modules */,
				D06E32D329EEF42800395B10 /* Derived */,
				D06E32D229EEF40300395B10 /* Domain */,
				D06E32D129EEF3D900395B10 /* DataSource */,
				D06E32D029EEF32400395B10 /* App */,
				D08859D229EDAF2C0088AD84 /* ViewController.swift */,
				D08859D429EDAF2C0088AD84 /* Main.storyboard */,
				D08859DC29EDAF2D0088AD84 /* Info.plist */,
				D08859D729EDAF2D0088AD84 /* Assets.xcassets */,
				D08859D929EDAF2D0088AD84 /* LaunchScreen.storyboard */,
				D06E32DB29EEFF7900395B10 /* ViewModel.swift */,
			);
			path = BaseProject;
			sourceTree = "<group>";
		};
		D08859E429EDAF2D0088AD84 /* BaseProjectTests */ = {
			isa = PBXGroup;
			children = (
				D08859E529EDAF2D0088AD84 /* BaseProjectTests.swift */,
			);
			path = BaseProjectTests;
			sourceTree = "<group>";
		};
		D08859EE29EDAF2D0088AD84 /* BaseProjectUITests */ = {
			isa = PBXGroup;
			children = (
				D08859EF29EDAF2D0088AD84 /* BaseProjectUITests.swift */,
				D08859F129EDAF2D0088AD84 /* BaseProjectUITestsLaunchTests.swift */,
			);
			path = BaseProjectUITests;
			sourceTree = "<group>";
		};
/* End PBXGroup section */

/* Begin PBXNativeTarget section */
		D08859CA29EDAF2C0088AD84 /* BaseProject */ = {
			isa = PBXNativeTarget;
			buildConfigurationList = D08859F529EDAF2D0088AD84 /* Build configuration list for PBXNativeTarget "BaseProject" */;
			buildPhases = (
				D08859C729EDAF2C0088AD84 /* Sources */,
				D08859C829EDAF2C0088AD84 /* Frameworks */,
				D08859C929EDAF2C0088AD84 /* Resources */,
			);
			buildRules = (
			);
			dependencies = (
			);
			name = BaseProject;
			productName = BaseProject;
			productReference = D08859CB29EDAF2C0088AD84 /* BaseProject.app */;
			productType = "com.apple.product-type.application";
		};
		D08859E029EDAF2D0088AD84 /* BaseProjectTests */ = {
			isa = PBXNativeTarget;
			buildConfigurationList = D08859F829EDAF2D0088AD84 /* Build configuration list for PBXNativeTarget "BaseProjectTests" */;
			buildPhases = (
				D08859DD29EDAF2D0088AD84 /* Sources */,
				D08859DE29EDAF2D0088AD84 /* Frameworks */,
				D08859DF29EDAF2D0088AD84 /* Resources */,
			);
			buildRules = (
			);
			dependencies = (
				D08859E329EDAF2D0088AD84 /* PBXTargetDependency */,
			);
			name = BaseProjectTests;
			productName = BaseProjectTests;
			productReference = D08859E129EDAF2D0088AD84 /* BaseProjectTests.xctest */;
			productType = "com.apple.product-type.bundle.unit-test";
		};
		D08859EA29EDAF2D0088AD84 /* BaseProjectUITests */ = {
			isa = PBXNativeTarget;
			buildConfigurationList = D08859FB29EDAF2D0088AD84 /* Build configuration list for PBXNativeTarget "BaseProjectUITests" */;
			buildPhases = (
				D08859E729EDAF2D0088AD84 /* Sources */,
				D08859E829EDAF2D0088AD84 /* Frameworks */,
				D08859E929EDAF2D0088AD84 /* Resources */,
			);
			buildRules = (
			);
			dependencies = (
				D08859ED29EDAF2D0088AD84 /* PBXTargetDependency */,
			);
			name = BaseProjectUITests;
			productName = BaseProjectUITests;
			productReference = D08859EB29EDAF2D0088AD84 /* BaseProjectUITests.xctest */;
			productType = "com.apple.product-type.bundle.ui-testing";
		};
/* End PBXNativeTarget section */

/* Begin PBXProject section */
		D08859C329EDAF2C0088AD84 /* Project object */ = {
			isa = PBXProject;
			attributes = {
				BuildIndependentTargetsInParallel = 1;
				LastSwiftUpdateCheck = 1430;
				LastUpgradeCheck = 1430;
				TargetAttributes = {
					D08859CA29EDAF2C0088AD84 = {
						CreatedOnToolsVersion = 14.3;
					};
					D08859E029EDAF2D0088AD84 = {
						CreatedOnToolsVersion = 14.3;
						TestTargetID = D08859CA29EDAF2C0088AD84;
					};
					D08859EA29EDAF2D0088AD84 = {
						CreatedOnToolsVersion = 14.3;
						TestTargetID = D08859CA29EDAF2C0088AD84;
					};
				};
			};
			buildConfigurationList = D08859C629EDAF2C0088AD84 /* Build configuration list for PBXProject "BaseProject" */;
			compatibilityVersion = "Xcode 14.0";
			developmentRegion = en;
			hasScannedForEncodings = 0;
			knownRegions = (
				en,
				Base,
			);
			mainGroup = D08859C229EDAF2C0088AD84;
			productRefGroup = D08859CC29EDAF2C0088AD84 /* Products */;
			projectDirPath = "";
			projectRoot = "";
			targets = (
				D08859CA29EDAF2C0088AD84 /* BaseProject */,
				D08859E029EDAF2D0088AD84 /* BaseProjectTests */,
				D08859EA29EDAF2D0088AD84 /* BaseProjectUITests */,
			);
		};
/* End PBXProject section */

/* Begin PBXResourcesBuildPhase section */
		D08859C929EDAF2C0088AD84 /* Resources */ = {
			isa = PBXResourcesBuildPhase;
			buildActionMask = 2147483647;
			files = (
				D08859DB29EDAF2D0088AD84 /* LaunchScreen.storyboard in Resources */,
				D08859D829EDAF2D0088AD84 /* Assets.xcassets in Resources */,
				D08859D629EDAF2C0088AD84 /* Main.storyboard in Resources */,
			);
			runOnlyForDeploymentPostprocessing = 0;
		};
		D08859DF29EDAF2D0088AD84 /* Resources */ = {
			isa = PBXResourcesBuildPhase;
			buildActionMask = 2147483647;
			files = (
			);
			runOnlyForDeploymentPostprocessing = 0;
		};
		D08859E929EDAF2D0088AD84 /* Resources */ = {
			isa = PBXResourcesBuildPhase;
			buildActionMask = 2147483647;
			files = (
			);
			runOnlyForDeploymentPostprocessing = 0;
		};
/* End PBXResourcesBuildPhase section */

/* Begin PBXSourcesBuildPhase section */
		D08859C729EDAF2C0088AD84 /* Sources */ = {
			isa = PBXSourcesBuildPhase;
			buildActionMask = 2147483647;
			files = (
				D06E32DC29EEFF7900395B10 /* ViewModel.swift in Sources */,
				D08859D329EDAF2C0088AD84 /* ViewController.swift in Sources */,
				D06E32DA29EEF66D00395B10 /* BaseViewModel.swift in Sources */,
				D08859CF29EDAF2C0088AD84 /* AppDelegate.swift in Sources */,
				D08859D129EDAF2C0088AD84 /* SceneDelegate.swift in Sources */,
			);
			runOnlyForDeploymentPostprocessing = 0;
		};
		D08859DD29EDAF2D0088AD84 /* Sources */ = {
			isa = PBXSourcesBuildPhase;
			buildActionMask = 2147483647;
			files = (
				D08859E629EDAF2D0088AD84 /* BaseProjectTests.swift in Sources */,
			);
			runOnlyForDeploymentPostprocessing = 0;
		};
		D08859E729EDAF2D0088AD84 /* Sources */ = {
			isa = PBXSourcesBuildPhase;
			buildActionMask = 2147483647;
			files = (
				D08859F029EDAF2D0088AD84 /* BaseProjectUITests.swift in Sources */,
				D08859F229EDAF2D0088AD84 /* BaseProjectUITestsLaunchTests.swift in Sources */,
			);
			runOnlyForDeploymentPostprocessing = 0;
		};
/* End PBXSourcesBuildPhase section */

/* Begin PBXTargetDependency section */
		D08859E329EDAF2D0088AD84 /* PBXTargetDependency */ = {
			isa = PBXTargetDependency;
			target = D08859CA29EDAF2C0088AD84 /* BaseProject */;
			targetProxy = D08859E229EDAF2D0088AD84 /* PBXContainerItemProxy */;
		};
		D08859ED29EDAF2D0088AD84 /* PBXTargetDependency */ = {
			isa = PBXTargetDependency;
			target = D08859CA29EDAF2C0088AD84 /* BaseProject */;
			targetProxy = D08859EC29EDAF2D0088AD84 /* PBXContainerItemProxy */;
		};
/* End PBXTargetDependency section */

/* Begin PBXVariantGroup section */
		D08859D429EDAF2C0088AD84 /* Main.storyboard */ = {
			isa = PBXVariantGroup;
			children = (
				D08859D529EDAF2C0088AD84 /* Base */,
			);
			name = Main.storyboard;
			sourceTree = "<group>";
		};
		D08859D929EDAF2D0088AD84 /* LaunchScreen.storyboard */ = {
			isa = PBXVariantGroup;
			children = (
				D08859DA29EDAF2D0088AD84 /* Base */,
			);
			name = LaunchScreen.storyboard;
			sourceTree = "<group>";
		};
/* End PBXVariantGroup section */

/* Begin XCBuildConfiguration section */
		D08859F329EDAF2D0088AD84 /* Debug */ = {
			isa = XCBuildConfiguration;
			buildSettings = {
				ALWAYS_SEARCH_USER_PATHS = NO;
				CLANG_ANALYZER_NONNULL = YES;
				CLANG_ANALYZER_NUMBER_OBJECT_CONVERSION = YES_AGGRESSIVE;
				CLANG_CXX_LANGUAGE_STANDARD = "gnu++20";
				CLANG_ENABLE_MODULES = YES;
				CLANG_ENABLE_OBJC_ARC = YES;
				CLANG_ENABLE_OBJC_WEAK = YES;
				CLANG_WARN_BLOCK_CAPTURE_AUTORELEASING = YES;
				CLANG_WARN_BOOL_CONVERSION = YES;
				CLANG_WARN_COMMA = YES;
				CLANG_WARN_CONSTANT_CONVERSION = YES;
				CLANG_WARN_DEPRECATED_OBJC_IMPLEMENTATIONS = YES;
				CLANG_WARN_DIRECT_OBJC_ISA_USAGE = YES_ERROR;
				CLANG_WARN_DOCUMENTATION_COMMENTS = YES;
				CLANG_WARN_EMPTY_BODY = YES;
				CLANG_WARN_ENUM_CONVERSION = YES;
				CLANG_WARN_INFINITE_RECURSION = YES;
				CLANG_WARN_INT_CONVERSION = YES;
				CLANG_WARN_NON_LITERAL_NULL_CONVERSION = YES;
				CLANG_WARN_OBJC_IMPLICIT_RETAIN_SELF = YES;
				CLANG_WARN_OBJC_LITERAL_CONVERSION = YES;
				CLANG_WARN_OBJC_ROOT_CLASS = YES_ERROR;
				CLANG_WARN_QUOTED_INCLUDE_IN_FRAMEWORK_HEADER = YES;
				CLANG_WARN_RANGE_LOOP_ANALYSIS = YES;
				CLANG_WARN_STRICT_PROTOTYPES = YES;
				CLANG_WARN_SUSPICIOUS_MOVE = YES;
				CLANG_WARN_UNGUARDED_AVAILABILITY = YES_AGGRESSIVE;
				CLANG_WARN_UNREACHABLE_CODE = YES;
				CLANG_WARN__DUPLICATE_METHOD_MATCH = YES;
				COPY_PHASE_STRIP = NO;
				DEBUG_INFORMATION_FORMAT = dwarf;
				ENABLE_STRICT_OBJC_MSGSEND = YES;
				ENABLE_TESTABILITY = YES;
				GCC_C_LANGUAGE_STANDARD = gnu11;
				GCC_DYNAMIC_NO_PIC = NO;
				GCC_NO_COMMON_BLOCKS = YES;
				GCC_OPTIMIZATION_LEVEL = 0;
				GCC_PREPROCESSOR_DEFINITIONS = (
					"DEBUG=1",
					"$(inherited)",
				);
				GCC_WARN_64_TO_32_BIT_CONVERSION = YES;
				GCC_WARN_ABOUT_RETURN_TYPE = YES_ERROR;
				GCC_WARN_UNDECLARED_SELECTOR = YES;
				GCC_WARN_UNINITIALIZED_AUTOS = YES_AGGRESSIVE;
				GCC_WARN_UNUSED_FUNCTION = YES;
				GCC_WARN_UNUSED_VARIABLE = YES;
				IPHONEOS_DEPLOYMENT_TARGET = 16.4;
				MTL_ENABLE_DEBUG_INFO = INCLUDE_SOURCE;
				MTL_FAST_MATH = YES;
				ONLY_ACTIVE_ARCH = YES;
				SDKROOT = iphoneos;
				SWIFT_ACTIVE_COMPILATION_CONDITIONS = DEBUG;
				SWIFT_OPTIMIZATION_LEVEL = "-Onone";
			};
			name = Debug;
		};
		D08859F429EDAF2D0088AD84 /* Release */ = {
			isa = XCBuildConfiguration;
			buildSettings = {
				ALWAYS_SEARCH_USER_PATHS = NO;
				CLANG_ANALYZER_NONNULL = YES;
				CLANG_ANALYZER_NUMBER_OBJECT_CONVERSION = YES_AGGRESSIVE;
				CLANG_CXX_LANGUAGE_STANDARD = "gnu++20";
				CLANG_ENABLE_MODULES = YES;
				CLANG_ENABLE_OBJC_ARC = YES;
				CLANG_ENABLE_OBJC_WEAK = YES;
				CLANG_WARN_BLOCK_CAPTURE_AUTORELEASING = YES;
				CLANG_WARN_BOOL_CONVERSION = YES;
				CLANG_WARN_COMMA = YES;
				CLANG_WARN_CONSTANT_CONVERSION = YES;
				CLANG_WARN_DEPRECATED_OBJC_IMPLEMENTATIONS = YES;
				CLANG_WARN_DIRECT_OBJC_ISA_USAGE = YES_ERROR;
				CLANG_WARN_DOCUMENTATION_COMMENTS = YES;
				CLANG_WARN_EMPTY_BODY = YES;
				CLANG_WARN_ENUM_CONVERSION = YES;
				CLANG_WARN_INFINITE_RECURSION = YES;
				CLANG_WARN_INT_CONVERSION = YES;
				CLANG_WARN_NON_LITERAL_NULL_CONVERSION = YES;
				CLANG_WARN_OBJC_IMPLICIT_RETAIN_SELF = YES;
				CLANG_WARN_OBJC_LITERAL_CONVERSION = YES;
				CLANG_WARN_OBJC_ROOT_CLASS = YES_ERROR;
				CLANG_WARN_QUOTED_INCLUDE_IN_FRAMEWORK_HEADER = YES;
				CLANG_WARN_RANGE_LOOP_ANALYSIS = YES;
				CLANG_WARN_STRICT_PROTOTYPES = YES;
				CLANG_WARN_SUSPICIOUS_MOVE = YES;
				CLANG_WARN_UNGUARDED_AVAILABILITY = YES_AGGRESSIVE;
				CLANG_WARN_UNREACHABLE_CODE = YES;
				CLANG_WARN__DUPLICATE_METHOD_MATCH = YES;
				COPY_PHASE_STRIP = NO;
				DEBUG_INFORMATION_FORMAT = "dwarf-with-dsym";
				ENABLE_NS_ASSERTIONS = NO;
				ENABLE_STRICT_OBJC_MSGSEND = YES;
				GCC_C_LANGUAGE_STANDARD = gnu11;
				GCC_NO_COMMON_BLOCKS = YES;
				GCC_WARN_64_TO_32_BIT_CONVERSION = YES;
				GCC_WARN_ABOUT_RETURN_TYPE = YES_ERROR;
				GCC_WARN_UNDECLARED_SELECTOR = YES;
				GCC_WARN_UNINITIALIZED_AUTOS = YES_AGGRESSIVE;
				GCC_WARN_UNUSED_FUNCTION = YES;
				GCC_WARN_UNUSED_VARIABLE = YES;
				IPHONEOS_DEPLOYMENT_TARGET = 16.4;
				MTL_ENABLE_DEBUG_INFO = NO;
				MTL_FAST_MATH = YES;
				SDKROOT = iphoneos;
				SWIFT_COMPILATION_MODE = wholemodule;
				SWIFT_OPTIMIZATION_LEVEL = "-O";
				VALIDATE_PRODUCT = YES;
			};
			name = Release;
		};
		D08859F629EDAF2D0088AD84 /* Debug */ = {
			isa = XCBuildConfiguration;
			buildSettings = {
				ASSETCATALOG_COMPILER_APPICON_NAME = AppIcon;
				ASSETCATALOG_COMPILER_GLOBAL_ACCENT_COLOR_NAME = AccentColor;
				CODE_SIGN_STYLE = Automatic;
				CURRENT_PROJECT_VERSION = 1;
				DEVELOPMENT_TEAM = MC4UAQDQFT;
				GENERATE_INFOPLIST_FILE = YES;
				INFOPLIST_FILE = BaseProject/Info.plist;
				INFOPLIST_KEY_UIApplicationSupportsIndirectInputEvents = YES;
				INFOPLIST_KEY_UILaunchStoryboardName = LaunchScreen;
				INFOPLIST_KEY_UIMainStoryboardFile = Main;
				INFOPLIST_KEY_UISupportedInterfaceOrientations_iPad = "UIInterfaceOrientationPortrait UIInterfaceOrientationPortraitUpsideDown UIInterfaceOrientationLandscapeLeft UIInterfaceOrientationLandscapeRight";
				INFOPLIST_KEY_UISupportedInterfaceOrientations_iPhone = "UIInterfaceOrientationPortrait UIInterfaceOrientationLandscapeLeft UIInterfaceOrientationLandscapeRight";
				LD_RUNPATH_SEARCH_PATHS = (
					"$(inherited)",
					"@executable_path/Frameworks",
				);
				MARKETING_VERSION = 1.0;
				PRODUCT_BUNDLE_IDENTIFIER = nhadv.BaseProject;
				PRODUCT_NAME = "$(TARGET_NAME)";
				SWIFT_EMIT_LOC_STRINGS = YES;
				SWIFT_VERSION = 5.0;
				TARGETED_DEVICE_FAMILY = "1,2";
			};
			name = Debug;
		};
		D08859F729EDAF2D0088AD84 /* Release */ = {
			isa = XCBuildConfiguration;
			buildSettings = {
				ASSETCATALOG_COMPILER_APPICON_NAME = AppIcon;
				ASSETCATALOG_COMPILER_GLOBAL_ACCENT_COLOR_NAME = AccentColor;
				CODE_SIGN_STYLE = Automatic;
				CURRENT_PROJECT_VERSION = 1;
				DEVELOPMENT_TEAM = MC4UAQDQFT;
				GENERATE_INFOPLIST_FILE = YES;
				INFOPLIST_FILE = BaseProject/Info.plist;
				INFOPLIST_KEY_UIApplicationSupportsIndirectInputEvents = YES;
				INFOPLIST_KEY_UILaunchStoryboardName = LaunchScreen;
				INFOPLIST_KEY_UIMainStoryboardFile = Main;
				INFOPLIST_KEY_UISupportedInterfaceOrientations_iPad = "UIInterfaceOrientationPortrait UIInterfaceOrientationPortraitUpsideDown UIInterfaceOrientationLandscapeLeft UIInterfaceOrientationLandscapeRight";
				INFOPLIST_KEY_UISupportedInterfaceOrientations_iPhone = "UIInterfaceOrientationPortrait UIInterfaceOrientationLandscapeLeft UIInterfaceOrientationLandscapeRight";
				LD_RUNPATH_SEARCH_PATHS = (
					"$(inherited)",
					"@executable_path/Frameworks",
				);
				MARKETING_VERSION = 1.0;
				PRODUCT_BUNDLE_IDENTIFIER = nhadv.BaseProject;
				PRODUCT_NAME = "$(TARGET_NAME)";
				SWIFT_EMIT_LOC_STRINGS = YES;
				SWIFT_VERSION = 5.0;
				TARGETED_DEVICE_FAMILY = "1,2";
			};
			name = Release;
		};
		D08859F929EDAF2D0088AD84 /* Debug */ = {
			isa = XCBuildConfiguration;
			buildSettings = {
				ALWAYS_EMBED_SWIFT_STANDARD_LIBRARIES = YES;
				BUNDLE_LOADER = "$(TEST_HOST)";
				CODE_SIGN_STYLE = Automatic;
				CURRENT_PROJECT_VERSION = 1;
				DEVELOPMENT_TEAM = MC4UAQDQFT;
				GENERATE_INFOPLIST_FILE = YES;
				IPHONEOS_DEPLOYMENT_TARGET = 16.4;
				MARKETING_VERSION = 1.0;
				PRODUCT_BUNDLE_IDENTIFIER = nhadv.BaseProjectTests;
				PRODUCT_NAME = "$(TARGET_NAME)";
				SWIFT_EMIT_LOC_STRINGS = NO;
				SWIFT_VERSION = 5.0;
				TARGETED_DEVICE_FAMILY = "1,2";
				TEST_HOST = "$(BUILT_PRODUCTS_DIR)/BaseProject.app/$(BUNDLE_EXECUTABLE_FOLDER_PATH)/BaseProject";
			};
			name = Debug;
		};
		D08859FA29EDAF2D0088AD84 /* Release */ = {
			isa = XCBuildConfiguration;
			buildSettings = {
				ALWAYS_EMBED_SWIFT_STANDARD_LIBRARIES = YES;
				BUNDLE_LOADER = "$(TEST_HOST)";
				CODE_SIGN_STYLE = Automatic;
				CURRENT_PROJECT_VERSION = 1;
				DEVELOPMENT_TEAM = MC4UAQDQFT;
				GENERATE_INFOPLIST_FILE = YES;
				IPHONEOS_DEPLOYMENT_TARGET = 16.4;
				MARKETING_VERSION = 1.0;
				PRODUCT_BUNDLE_IDENTIFIER = nhadv.BaseProjectTests;
				PRODUCT_NAME = "$(TARGET_NAME)";
				SWIFT_EMIT_LOC_STRINGS = NO;
				SWIFT_VERSION = 5.0;
				TARGETED_DEVICE_FAMILY = "1,2";
				TEST_HOST = "$(BUILT_PRODUCTS_DIR)/BaseProject.app/$(BUNDLE_EXECUTABLE_FOLDER_PATH)/BaseProject";
			};
			name = Release;
		};
		D08859FC29EDAF2D0088AD84 /* Debug */ = {
			isa = XCBuildConfiguration;
			buildSettings = {
				ALWAYS_EMBED_SWIFT_STANDARD_LIBRARIES = YES;
				CODE_SIGN_STYLE = Automatic;
				CURRENT_PROJECT_VERSION = 1;
				DEVELOPMENT_TEAM = MC4UAQDQFT;
				GENERATE_INFOPLIST_FILE = YES;
				MARKETING_VERSION = 1.0;
				PRODUCT_BUNDLE_IDENTIFIER = nhadv.BaseProjectUITests;
				PRODUCT_NAME = "$(TARGET_NAME)";
				SWIFT_EMIT_LOC_STRINGS = NO;
				SWIFT_VERSION = 5.0;
				TARGETED_DEVICE_FAMILY = "1,2";
				TEST_TARGET_NAME = BaseProject;
			};
			name = Debug;
		};
		D08859FD29EDAF2D0088AD84 /* Release */ = {
			isa = XCBuildConfiguration;
			buildSettings = {
				ALWAYS_EMBED_SWIFT_STANDARD_LIBRARIES = YES;
				CODE_SIGN_STYLE = Automatic;
				CURRENT_PROJECT_VERSION = 1;
				DEVELOPMENT_TEAM = MC4UAQDQFT;
				GENERATE_INFOPLIST_FILE = YES;
				MARKETING_VERSION = 1.0;
				PRODUCT_BUNDLE_IDENTIFIER = nhadv.BaseProjectUITests;
				PRODUCT_NAME = "$(TARGET_NAME)";
				SWIFT_EMIT_LOC_STRINGS = NO;
				SWIFT_VERSION = 5.0;
				TARGETED_DEVICE_FAMILY = "1,2";
				TEST_TARGET_NAME = BaseProject;
			};
			name = Release;
		};
/* End XCBuildConfiguration section */

/* Begin XCConfigurationList section */
		D08859C629EDAF2C0088AD84 /* Build configuration list for PBXProject "BaseProject" */ = {
			isa = XCConfigurationList;
			buildConfigurations = (
				D08859F329EDAF2D0088AD84 /* Debug */,
				D08859F429EDAF2D0088AD84 /* Release */,
			);
			defaultConfigurationIsVisible = 0;
			defaultConfigurationName = Release;
		};
		D08859F529EDAF2D0088AD84 /* Build configuration list for PBXNativeTarget "BaseProject" */ = {
			isa = XCConfigurationList;
			buildConfigurations = (
				D08859F629EDAF2D0088AD84 /* Debug */,
				D08859F729EDAF2D0088AD84 /* Release */,
			);
			defaultConfigurationIsVisible = 0;
			defaultConfigurationName = Release;
		};
		D08859F829EDAF2D0088AD84 /* Build configuration list for PBXNativeTarget "BaseProjectTests" */ = {
			isa = XCConfigurationList;
			buildConfigurations = (
				D08859F929EDAF2D0088AD84 /* Debug */,
				D08859FA29EDAF2D0088AD84 /* Release */,
			);
			defaultConfigurationIsVisible = 0;
			defaultConfigurationName = Release;
		};
		D08859FB29EDAF2D0088AD84 /* Build configuration list for PBXNativeTarget "BaseProjectUITests" */ = {
			isa = XCConfigurationList;
			buildConfigurations = (
				D08859FC29EDAF2D0088AD84 /* Debug */,
				D08859FD29EDAF2D0088AD84 /* Release */,
			);
			defaultConfigurationIsVisible = 0;
			defaultConfigurationName = Release;
		};
/* End XCConfigurationList section */
	};
	rootObject = D08859C329EDAF2C0088AD84 /* Project object */;
}
